# Generated by conda-lock.
# platform: linux-64
# input_hash: 4d9c552d1ce2b61d4e443f11acc2783e84a20c5742b36018b24a11c01d5e1bdc
@EXPLICIT
https://conda.anaconda.org/conda-forge/linux-64/_libgcc_mutex-0.1-conda_forge.tar.bz2#d7c89558ba9fa0495403155b64376d81
https://conda.anaconda.org/conda-forge/linux-64/ca-certificates-2024.8.30-hbcca054_0.conda#c27d1c142233b5bc9ca570c6e2e0c244
https://conda.anaconda.org/conda-forge/noarch/font-ttf-dejavu-sans-mono-2.37-hab24e00_0.tar.bz2#0c96522c6bdaed4b1566d11387caaf45
https://conda.anaconda.org/conda-forge/noarch/font-ttf-inconsolata-3.000-h77eed37_0.tar.bz2#34893075a5c9e55cdafac56607368fc6
https://conda.anaconda.org/conda-forge/noarch/font-ttf-source-code-pro-2.038-h77eed37_0.tar.bz2#4d59c254e01d9cde7957100457e2d5fb
https://conda.anaconda.org/conda-forge/noarch/font-ttf-ubuntu-0.83-h77eed37_3.conda#49023d73832ef61042f6a237cb2687e7
https://conda.anaconda.org/conda-forge/noarch/kernel-headers_linux-64-3.10.0-he073ed8_17.conda#285931bd28b3b8f176d46dd9fd627a09
https://conda.anaconda.org/conda-forge/linux-64/python_abi-3.11-5_cp311.conda#139a8d40c8a2f430df31048949e450de
https://conda.anaconda.org/conda-forge/noarch/tzdata-2024b-hc8b5060_0.conda#8ac3367aafb1cc0a068483c580af8015
https://conda.anaconda.org/conda-forge/noarch/fonts-conda-forge-1-0.tar.bz2#f766549260d6815b0c52253f1fb1bb29
https://conda.anaconda.org/conda-forge/linux-64/ld_impl_linux-64-2.43-h712a8e2_1.conda#83e1364586ceb8d0739fbc85b5c95837
https://conda.anaconda.org/conda-forge/noarch/libgcc-devel_linux-64-13.3.0-h84ea5a7_101.conda#0ce69d40c142915ac9734bc6134e514a
https://conda.anaconda.org/conda-forge/linux-64/libgomp-14.1.0-h77fa898_1.conda#23c255b008c4f2ae008f81edcabaca89
https://conda.anaconda.org/conda-forge/noarch/libstdcxx-devel_linux-64-13.3.0-h84ea5a7_101.conda#29b5a4ed4613fa81a07c21045e3f5bf6
https://conda.anaconda.org/conda-forge/noarch/sysroot_linux-64-2.17-h4a8ded7_17.conda#f58cb23983633068700a756f0b5f165a
https://conda.anaconda.org/conda-forge/linux-64/_openmp_mutex-4.5-2_gnu.tar.bz2#73aaf86a425cc6e73fcf236a5a46396d
https://conda.anaconda.org/conda-forge/linux-64/binutils_impl_linux-64-2.43-h4bf12b8_1.conda#5f354010f194e85dc681dec92405ef9e
https://conda.anaconda.org/conda-forge/noarch/fonts-conda-ecosystem-1-0.tar.bz2#fee5683a3f04bd15cbd8318b096a27ab
https://conda.anaconda.org/conda-forge/linux-64/binutils-2.43-h4852527_1.conda#900e000d42b28bf0ac35b9451ec92bd9
https://conda.anaconda.org/conda-forge/linux-64/binutils_linux-64-2.43-h4852527_1.conda#8d70caec6e4c8754066ea278f0a282dd
https://conda.anaconda.org/conda-forge/linux-64/libgcc-14.1.0-h77fa898_1.conda#002ef4463dd1e2b44a94a4ace468f5d2
https://conda.anaconda.org/conda-forge/linux-64/json-c-0.18-h6688a6e_0.conda#38f5dbc9ac808e31c00650f7be1db93f
https://conda.anaconda.org/conda-forge/linux-64/libexpat-2.6.3-h5888daf_0.conda#59f4c43bb1b5ef1c71946ff2cbf59524
https://conda.anaconda.org/conda-forge/linux-64/libgcc-ng-14.1.0-h69a702a_1.conda#1efc0ad219877a73ef977af7dbb51f17
https://conda.anaconda.org/conda-forge/linux-64/libgfortran5-14.1.0-hc5f4f2c_1.conda#10a0cef64b784d6ab6da50ebca4e984d
https://conda.anaconda.org/conda-forge/linux-64/libstdcxx-14.1.0-hc0a3c3a_1.conda#9dbb9699ea467983ba8a4ba89b08b066
https://conda.anaconda.org/conda-forge/linux-64/libzlib-1.3.1-hb9d3cd8_2.conda#edb0dca6bc32e4f4789199455a1dbeb8
https://conda.anaconda.org/conda-forge/linux-64/openssl-3.3.2-hb9d3cd8_0.conda#4d638782050ab6faa27275bed57e9b4e
https://conda.anaconda.org/conda-forge/linux-64/pthread-stubs-0.4-hb9d3cd8_1002.conda#b3c17d95b5a10c6e64a21fa17573e70e
https://conda.anaconda.org/conda-forge/linux-64/xorg-inputproto-2.3.2-hb9d3cd8_1003.conda#32623b33f2047dbc9ae2f2e8fd3880e9
https://conda.anaconda.org/conda-forge/linux-64/xorg-kbproto-1.0.7-hb9d3cd8_1003.conda#e87bfacb110d85e1eb6099c9ed8e7236
https://conda.anaconda.org/conda-forge/linux-64/xorg-libice-1.1.1-hb9d3cd8_1.conda#19608a9656912805b2b9a2f6bd257b04
https://conda.anaconda.org/conda-forge/linux-64/xorg-libxau-1.0.11-hb9d3cd8_1.conda#77cbc488235ebbaab2b6e912d3934bae
https://conda.anaconda.org/conda-forge/linux-64/xorg-libxdmcp-1.1.5-hb9d3cd8_0.conda#8035c64cb77ed555e3f150b7b3972480
https://conda.anaconda.org/conda-forge/linux-64/xorg-renderproto-0.11.1-hb9d3cd8_1003.conda#bf90782559bce8447609933a7d45995a
https://conda.anaconda.org/conda-forge/linux-64/xorg-xextproto-7.3.0-hb9d3cd8_1004.conda#bc4cd53a083b6720d61a1519a1900878
https://conda.anaconda.org/conda-forge/linux-64/xorg-xproto-7.0.31-hb9d3cd8_1008.conda#a63f5b66876bb1ec734ab4bdc4d11e86
https://conda.anaconda.org/conda-forge/linux-64/bzip2-1.0.8-h4bc722e_7.conda#62ee74e96c5ebb0af99386de58cf9553
https://conda.anaconda.org/conda-forge/linux-64/c-ares-1.33.1-heb4867d_0.conda#0d3c60291342c0c025db231353376dfb
https://conda.anaconda.org/conda-forge/linux-64/dav1d-1.2.1-hd590300_0.conda#418c6ca5929a611cbd69204907a83995
https://conda.anaconda.org/conda-forge/linux-64/expat-2.6.3-h5888daf_0.conda#6595440079bed734b113de44ffd3cd0a
https://conda.anaconda.org/conda-forge/linux-64/fribidi-1.0.10-h36c2ea0_0.tar.bz2#ac7bc6a654f8f41b352b38f4051135f8
https://conda.anaconda.org/conda-forge/linux-64/geos-3.13.0-h5888daf_0.conda#40b4ab956c90390e407bb177f8a58bab
https://conda.anaconda.org/conda-forge/linux-64/giflib-5.2.2-hd590300_0.conda#3bf7b9fd5a7136126e0234db4b87c8b6
https://conda.anaconda.org/conda-forge/linux-64/imath-3.1.12-h7955e40_0.conda#37f5e1ab0db3691929f37dee78335d1b
https://conda.anaconda.org/conda-forge/linux-64/jxrlib-1.1-hd590300_3.conda#5aeabe88534ea4169d4c49998f293d6c
https://conda.anaconda.org/conda-forge/linux-64/keyutils-1.6.1-h166bdaf_0.tar.bz2#30186d27e2c9fa62b45fb1476b7200e3
https://conda.anaconda.org/conda-forge/linux-64/lame-3.100-h166bdaf_1003.tar.bz2#a8832b479f93521a9e7b5b743803be51
https://conda.anaconda.org/conda-forge/linux-64/libabseil-20240722.0-cxx17_h5888daf_1.conda#e1f604644fe8d78e22660e2fec6756bc
https://conda.anaconda.org/conda-forge/linux-64/libdeflate-1.21-h4bc722e_0.conda#36ce76665bf67f5aac36be7a0d21b7f3
https://conda.anaconda.org/conda-forge/linux-64/libev-4.33-hd590300_2.conda#172bf1cd1ff8629f2b1179945ed45055
https://conda.anaconda.org/conda-forge/linux-64/libffi-3.4.2-h7f98852_5.tar.bz2#d645c6d2ac96843a2bfaccd2d62b3ac3
https://conda.anaconda.org/conda-forge/linux-64/libgfortran-14.1.0-h69a702a_1.conda#591e631bc1ae62c64f2ab4f66178c097
https://conda.anaconda.org/conda-forge/linux-64/libiconv-1.17-hd590300_2.conda#d66573916ffcf376178462f1b61c941e
https://conda.anaconda.org/conda-forge/linux-64/libjpeg-turbo-3.0.0-hd590300_1.conda#ea25936bb4080d843790b586850f82b8
https://conda.anaconda.org/conda-forge/linux-64/libnsl-2.0.1-hd590300_0.conda#30fd6e37fe21f86f4bd26d6ee73eeec7
https://conda.anaconda.org/conda-forge/linux-64/libopus-1.3.1-h7f98852_1.tar.bz2#15345e56d527b330e1cacbdf58676e8f
https://conda.anaconda.org/conda-forge/linux-64/libpciaccess-0.18-hd590300_0.conda#48f4330bfcd959c3cfb704d424903c82
https://conda.anaconda.org/conda-forge/linux-64/libpng-1.6.44-hadc24fc_0.conda#f4cc49d7aa68316213e4b12be35308d1
https://conda.anaconda.org/conda-forge/linux-64/libsanitizer-13.3.0-heb74ff8_1.conda#c4cb22f270f501f5c59a122dc2adf20a
https://conda.anaconda.org/conda-forge/linux-64/libsqlite-3.46.1-hadc24fc_0.conda#36f79405ab16bf271edb55b213836dac
https://conda.anaconda.org/conda-forge/linux-64/libssh2-1.11.0-h0841786_0.conda#1f5a58e686b13bcfde88b93f547d23fe
https://conda.anaconda.org/conda-forge/linux-64/libstdcxx-ng-14.1.0-h4852527_1.conda#bd2598399a70bb86d8218e95548d735e
https://conda.anaconda.org/conda-forge/linux-64/libuuid-2.38.1-h0b41bf4_0.conda#40b61aab5c7ba9ff276c41cfffe6b80b
https://conda.anaconda.org/conda-forge/linux-64/libwebp-base-1.4.0-hd590300_0.conda#b26e8aa824079e1be0294e7152ca4559
https://conda.anaconda.org/conda-forge/linux-64/libxcb-1.16-hb9d3cd8_1.conda#3601598f0db0470af28985e3e7ad0158
https://conda.anaconda.org/conda-forge/linux-64/libxcrypt-4.4.36-hd590300_1.conda#5aa797f8787fe7a17d1b0821485b5adc
https://conda.anaconda.org/conda-forge/linux-64/lzo-2.10-hd590300_1001.conda#ec7398d21e2651e0dcb0044d03b9a339
https://conda.anaconda.org/conda-forge/linux-64/ncurses-6.5-he02047a_1.conda#70caf8bb6cf39a0b6b7efc885f51c0fe
https://conda.anaconda.org/conda-forge/linux-64/ocl-icd-2.3.2-hd590300_1.conda#c66f837ac65e4d1cdeb80e2a1d5fcc3d
https://conda.anaconda.org/conda-forge/linux-64/tk-8.6.13-noxft_h4845f30_101.conda#d453b98d9c83e71da0741bb0ff4d76bc
https://conda.anaconda.org/conda-forge/linux-64/x264-1!164.3095-h166bdaf_2.tar.bz2#6c99772d483f566d59e25037fea2c4b1
https://conda.anaconda.org/conda-forge/linux-64/xorg-fixesproto-5.0-hb9d3cd8_1003.conda#19fe37721037acc0a1ed76b8cf937359
https://conda.anaconda.org/conda-forge/linux-64/xz-5.2.6-h166bdaf_0.tar.bz2#2161070d867d1b1204ea749c8eec4ef0
https://conda.anaconda.org/conda-forge/linux-64/zlib-1.3.1-hb9d3cd8_2.conda#c9f075ab2f33b3bbee9e62d4ad0a6cd8
https://conda.anaconda.org/conda-forge/linux-64/aom-3.9.1-hac33072_0.conda#346722a0be40f6edc53f12640d301338
https://conda.anaconda.org/conda-forge/linux-64/freetype-2.12.1-h267a509_2.conda#9ae35c3d96db2c94ce0cef86efdfa2cb
https://conda.anaconda.org/conda-forge/linux-64/gcc_impl_linux-64-13.3.0-hfea6d02_1.conda#0d043dbc126b64f79d915a0e96d3a1d5
https://conda.anaconda.org/conda-forge/linux-64/gmp-6.3.0-hac33072_2.conda#c94a5994ef49749880a8139cf9afcbe1
https://conda.anaconda.org/conda-forge/linux-64/graphite2-1.3.13-h59595ed_1003.conda#f87c7b7c2cb45f323ffbce941c78ab7c
https://conda.anaconda.org/conda-forge/linux-64/hdf4-4.2.15-h2a13503_7.conda#bd77f8da987968ec3927990495dc22e4
https://conda.anaconda.org/conda-forge/linux-64/icu-75.1-he02047a_0.conda#8b189310083baabfb622af68fd9d3ae3
https://conda.anaconda.org/conda-forge/linux-64/jigsaw-0.9.14-hcb278e6_1.conda#8340e38597e909831c03aac47c88d754
https://conda.anaconda.org/conda-forge/linux-64/lerc-4.0.0-h27087fc_0.tar.bz2#76bbff344f0134279f225174e9064c8f
https://conda.anaconda.org/conda-forge/linux-64/libaec-1.1.3-h59595ed_0.conda#5e97e271911b8b2001a8b71860c32faa
https://conda.anaconda.org/conda-forge/linux-64/libdrm-2.4.123-hb9d3cd8_0.conda#ee605e794bdc14e2b7f84c4faa0d8c2c
https://conda.anaconda.org/conda-forge/linux-64/libedit-3.1.20191231-he28a2e2_2.tar.bz2#4d331e44109e3f0e19b4cb8f9b82f3e1
https://conda.anaconda.org/conda-forge/linux-64/libgfortran-ng-14.1.0-h69a702a_1.conda#16cec94c5992d7f42ae3f9fa8b25df8d
https://conda.anaconda.org/conda-forge/linux-64/libnghttp2-1.58.0-h47da74e_1.conda#700ac6ea6d53d5510591c4344d5c989a
https://conda.anaconda.org/conda-forge/linux-64/libprotobuf-5.27.5-h5b01275_2.conda#66ed3107adbdfc25ba70454ba11e6d1e
https://conda.anaconda.org/conda-forge/linux-64/librttopo-1.1.0-h97f6797_17.conda#e16e9b1333385c502bf915195f421934
https://conda.anaconda.org/conda-forge/linux-64/libvpx-1.14.1-hac33072_0.conda#cde393f461e0c169d9ffb2fc70f81c33
https://conda.anaconda.org/conda-forge/linux-64/libzip-1.11.1-hf83b1b0_0.conda#e8536ec89df2aec5f65fefcf4ccd58ba
https://conda.anaconda.org/conda-forge/linux-64/lz4-c-1.9.4-hcb278e6_0.conda#318b08df404f9c9be5712aaa5a6f0bb0
https://conda.anaconda.org/conda-forge/linux-64/openexr-3.2.2-h04e0de5_2.conda#4ae01310cfeb55b4211aed3d442b9c66
https://conda.anaconda.org/conda-forge/linux-64/openh264-2.4.1-h59595ed_0.conda#3dfcf61b8e78af08110f5229f79580af
https://conda.anaconda.org/conda-forge/linux-64/pcre2-10.44-hba22ea6_2.conda#df359c09c41cd186fffb93a2d87aa6f5
https://conda.anaconda.org/conda-forge/linux-64/pixman-0.43.2-h59595ed_0.conda#71004cbf7924e19c02746ccde9fd7123
https://conda.anaconda.org/conda-forge/linux-64/pugixml-1.14-h59595ed_0.conda#2c97dd90633508b422c11bd3018206ab
https://conda.anaconda.org/conda-forge/linux-64/rapidjson-1.1.0.post20240409-hac33072_1.conda#d6e98530772fc26c112640461110d127
https://conda.anaconda.org/conda-forge/linux-64/readline-8.2-h8228510_1.conda#47d31b792659ce70f470b5c82fdfb7a4
https://conda.anaconda.org/conda-forge/linux-64/snappy-1.2.1-ha2e4443_0.conda#6b7dcc7349efd123d493d2dbe85a045f
https://conda.anaconda.org/conda-forge/linux-64/svt-av1-2.2.1-h5888daf_0.conda#0d9c441855be3d8dfdb2e800fe755059
https://conda.anaconda.org/conda-forge/linux-64/uriparser-0.9.8-hac33072_0.conda#d71d3a66528853c0a1ac2c02d79a0284
https://conda.anaconda.org/conda-forge/linux-64/wayland-1.23.1-h3e06ad9_0.conda#0a732427643ae5e0486a727927791da1
https://conda.anaconda.org/conda-forge/linux-64/x265-3.5-h924138e_3.tar.bz2#e7f6ed84d4623d52ee581325c1587a6b
https://conda.anaconda.org/conda-forge/linux-64/xorg-libsm-1.2.4-he73a12e_1.conda#05a8ea5f446de33006171a7afe6ae857
https://conda.anaconda.org/conda-forge/linux-64/xorg-libx11-1.8.9-hb711507_1.conda#4a6d410296d7e39f00bacdee7df046e9
https://conda.anaconda.org/conda-forge/linux-64/zstd-1.5.6-ha6fb4c9_0.conda#4d056880988120e29d75bfff282e0f45
https://conda.anaconda.org/conda-forge/linux-64/blosc-1.21.6-hef167b5_0.conda#54fe76ab3d0189acaef95156874db7f9
https://conda.anaconda.org/conda-forge/linux-64/fontconfig-2.14.2-h14ed4e7_0.conda#0f69b688f52ff6da70bccb7ff7001d1d
https://conda.anaconda.org/conda-forge/linux-64/gcc-13.3.0-h9576a4e_1.conda#606924335b5bcdf90e9aed9a2f5d22ed
https://conda.anaconda.org/conda-forge/linux-64/gcc_linux-64-13.3.0-hc28eda2_4.conda#134bce313fe195be28a74597224441f1
https://conda.anaconda.org/conda-forge/linux-64/gfortran_impl_linux-64-13.3.0-h10434e7_1.conda#6709e113709b6ba67cc0f4b0de58ef7f
https://conda.anaconda.org/conda-forge/linux-64/gxx_impl_linux-64-13.3.0-hdbfa832_1.conda#806367e23a0a6ad21e51875b34c57d7e
https://conda.anaconda.org/conda-forge/linux-64/krb5-1.21.3-h659f571_0.conda#3f43953b7d3fb3aaa1d0d0723d91e368
https://conda.anaconda.org/conda-forge/linux-64/libglib-2.82.1-h2ff4ddf_0.conda#47a2209fa0df11797df0b767d1de1275
https://conda.anaconda.org/conda-forge/linux-64/libkml-1.3.0-hf539b9f_1021.conda#e8c7620cc49de0c6a2349b6dd6e39beb
https://conda.anaconda.org/conda-forge/linux-64/libopenblas-0.3.27-pthreads_hac2b453_1.conda#ae05ece66d3924ac3d48b4aa3fa96cec
https://conda.anaconda.org/conda-forge/linux-64/libtiff-4.7.0-h6565414_0.conda#80eaf80d84668fa5620ac9ec1b4bf56f
https://conda.anaconda.org/conda-forge/linux-64/libxml2-2.12.7-he7c6b58_4.conda#08a9265c637230c37cb1be4a6cad4536
https://conda.anaconda.org/conda-forge/linux-64/minizip-4.0.7-h401b404_0.conda#4474532a312b2245c5c77f1176989b46
https://conda.anaconda.org/conda-forge/linux-64/python-3.11.10-hc5c86c4_2_cpython.conda#2a07cf98fe8c2f039a1ccfea22eaaad4
https://conda.anaconda.org/conda-forge/linux-64/sqlite-3.46.1-h9eae976_0.conda#b2b3e737da0ae347e16ef1970a5d3f14
https://conda.anaconda.org/conda-forge/noarch/wayland-protocols-1.37-hd8ed1ab_0.conda#73ec79a77d31eb7e4a3276cd246b776c
https://conda.anaconda.org/conda-forge/linux-64/xerces-c-3.2.5-h988505b_2.conda#9dda9667feba914e0e80b95b82f7402b
https://conda.anaconda.org/conda-forge/linux-64/xorg-libxext-1.3.4-h0b41bf4_2.conda#82b6df12252e6f32402b96dacc656fec
https://conda.anaconda.org/conda-forge/linux-64/xorg-libxfixes-5.0.3-h7f98852_1004.tar.bz2#e9a21aa4d5e3e5f1aed71e8cefd46b6a
https://conda.anaconda.org/conda-forge/linux-64/xorg-libxrender-0.9.11-hd590300_0.conda#ed67c36f215b310412b2af935bf3e530
https://conda.anaconda.org/conda-forge/linux-64/xorg-libxt-1.3.0-hd590300_1.conda#ae92aab42726eb29d16488924f7312cb
https://conda.anaconda.org/conda-forge/linux-64/c-compiler-1.8.0-h2b85faf_0.conda#1e7d93b16ce10cdc68228dde0844980b
https://conda.anaconda.org/conda-forge/linux-64/cairo-1.18.0-hebfffa5_3.conda#fceaedf1cdbcb02df9699a0d9b005292
https://conda.anaconda.org/conda-forge/linux-64/freexl-2.0.0-h743c826_0.conda#12e6988845706b2cfbc3bc35c9a61a95
https://conda.anaconda.org/conda-forge/linux-64/gfortran-13.3.0-h9576a4e_1.conda#5e5e3b592d5174eb49607a973c77825b
https://conda.anaconda.org/conda-forge/linux-64/gfortran_linux-64-13.3.0-hb919d3a_4.conda#403476a87e07f0973aa5a6d13253cd32
https://conda.anaconda.org/conda-forge/linux-64/gxx-13.3.0-h9576a4e_1.conda#209182ca6b20aeff62f442e843961d81
https://conda.anaconda.org/conda-forge/linux-64/gxx_linux-64-13.3.0-h6834431_4.conda#9101274fec035244a7fb08d03b50c458
https://conda.anaconda.org/conda-forge/linux-64/lcms2-2.16-hb7c19ff_0.conda#51bb7010fc86f70eee639b4bb7a894f5
https://conda.anaconda.org/conda-forge/linux-64/libarchive-3.7.4-hfca40fe_0.conda#32ddb97f897740641d8d46a829ce1704
https://conda.anaconda.org/conda-forge/linux-64/libblas-3.9.0-24_linux64_openblas.conda#80aea6603a6813b16ec119d00382b772
https://conda.anaconda.org/conda-forge/linux-64/libcurl-8.10.1-hbbe4b11_0.conda#6e801c50a40301f6978c53976917b277
https://conda.anaconda.org/conda-forge/linux-64/libglu-9.0.0-ha6d2627_1004.conda#df069bea331c8486ac21814969301c1f
https://conda.anaconda.org/conda-forge/linux-64/libhwloc-2.11.1-default_hecaa2ac_1000.conda#f54aeebefb5c5ff84eca4fb05ca8aa3a
https://conda.anaconda.org/conda-forge/linux-64/libva-2.22.0-hb711507_0.conda#d12f659072132c9d16e497073fc1f68b
https://conda.anaconda.org/conda-forge/linux-64/openjpeg-2.5.2-h488ebb8_0.conda#7f2e286780f072ed750df46dc2631138
https://conda.anaconda.org/conda-forge/noarch/setuptools-75.1.0-pyhd8ed1ab_0.conda#d5cd48392c67fb6849ba459c2c2b671f
https://conda.anaconda.org/conda-forge/noarch/wheel-0.44.0-pyhd8ed1ab_0.conda#d44e3b085abcaef02983c6305b84b584
https://conda.anaconda.org/conda-forge/linux-64/xorg-libxi-1.7.10-h4bc722e_1.conda#749baebe7e2ff3360630e069175e528b
https://conda.anaconda.org/conda-forge/linux-64/xorg-libxmu-1.1.3-h4ab18f5_1.conda#4d6c9925cdcda27e9d022e40eb3eac05
https://conda.anaconda.org/conda-forge/linux-64/cxx-compiler-1.8.0-h1a2810e_0.conda#36848c05490b8cb46221517ca12aa4bf
https://conda.anaconda.org/conda-forge/linux-64/fltk-1.3.9-h9305793_1.conda#c82be18188e73e00064101a46e46e785
https://conda.anaconda.org/conda-forge/linux-64/fortran-compiler-1.8.0-h36df796_0.conda#53932a433fcb479d509fc5eeff3c6d5d
https://conda.anaconda.org/conda-forge/linux-64/freeglut-3.2.2-ha6d2627_3.conda#84ec3f5b46f3076be49f2cf3f1cfbf02
https://conda.anaconda.org/conda-forge/linux-64/harfbuzz-9.0.0-hda332d3_1.conda#76b32dcf243444aea9c6b804bcfa40b8
https://conda.anaconda.org/conda-forge/linux-64/hdf5-1.14.3-nompi_hdf9ad27_105.conda#7e1729554e209627636a0f6fabcdd115
https://conda.anaconda.org/conda-forge/linux-64/libcblas-3.9.0-24_linux64_openblas.conda#f5b8822297c9c790cec0795ca1fc9be6
https://conda.anaconda.org/conda-forge/linux-64/liblapack-3.9.0-24_linux64_openblas.conda#fd540578678aefe025705f4b58b36b2e
https://conda.anaconda.org/conda-forge/linux-64/libraw-0.21.3-hca62329_0.conda#e99091d245425cf089b814107b40c349
https://conda.anaconda.org/conda-forge/noarch/pip-24.2-pyh8b19718_1.conda#6c78fbb8ddfd64bcb55b5cbafd2d2c43
https://conda.anaconda.org/conda-forge/linux-64/proj-9.5.0-h12925eb_0.conda#8c29983ebe50cc7e0998c34bc7614222
https://conda.anaconda.org/conda-forge/linux-64/tbb-2021.13.0-h84d6215_0.conda#ee6f7fd1e76061ef1fa307d41fa86a96
https://conda.anaconda.org/conda-forge/linux-64/compilers-1.8.0-ha770c72_0.conda#e08e569c1b7e923654d1fe9e76dadb3d
https://conda.anaconda.org/conda-forge/linux-64/freeimage-3.18.0-h4bd6248_21.conda#c81eb94c3afb93f17a86142f706b7f40
https://conda.anaconda.org/conda-forge/linux-64/geotiff-1.7.3-h77b800c_3.conda#4eb52aecb43e7c72f8e4fca0c386354e
https://conda.anaconda.org/conda-forge/linux-64/jasper-4.2.4-h536e39c_0.conda#9518ab7016cf4564778aef08b6bd8792
https://conda.anaconda.org/conda-forge/linux-64/libass-0.17.3-h1dc1e6a_0.conda#2a66267ba586dadd110cc991063cfff7
https://conda.anaconda.org/conda-forge/linux-64/libnetcdf-4.9.2-nompi_h135f659_114.conda#a908e463c710bd6b10a9eaa89fdf003c
https://conda.anaconda.org/conda-forge/linux-64/libopenvino-2024.4.0-hac27bb2_1.conda#429434cc170fbaad81580539c14d66fe
https://conda.anaconda.org/conda-forge/linux-64/libspatialite-5.1.0-h1b4f908_11.conda#43a7f3df7d100e8fc280e6636680a870
https://conda.anaconda.org/conda-forge/linux-64/numpy-2.1.1-py311h71ddf71_0.conda#da5f27f7c621bd5ed30a4b8b2e022dab
https://conda.anaconda.org/conda-forge/linux-64/eccodes-2.38.0-h8bb6dbc_0.conda#30ca97df26e33cd48444586e9d088e9a
https://conda.anaconda.org/conda-forge/linux-64/libgdal-core-3.9.2-hceee5e3_6.conda#e33dfcd6278478ebe004e69e27de3af8
https://conda.anaconda.org/conda-forge/linux-64/libopenvino-auto-batch-plugin-2024.4.0-h4d9b6c2_1.conda#74c49a6449128acc7faacef2973a14d1
https://conda.anaconda.org/conda-forge/linux-64/libopenvino-auto-plugin-2024.4.0-h4d9b6c2_1.conda#39debe4becbdfd16e1b2d1aebad623e7
https://conda.anaconda.org/conda-forge/linux-64/libopenvino-hetero-plugin-2024.4.0-h3f63f65_1.conda#77e939fd954e9bc053e939ddc96622b9
https://conda.anaconda.org/conda-forge/linux-64/libopenvino-intel-cpu-plugin-2024.4.0-hac27bb2_1.conda#50207d630ce873cdaad4130746163d9f
https://conda.anaconda.org/conda-forge/linux-64/libopenvino-intel-gpu-plugin-2024.4.0-hac27bb2_1.conda#440409c3d4518de360be7177be5cbd1e
https://conda.anaconda.org/conda-forge/linux-64/libopenvino-intel-npu-plugin-2024.4.0-hac27bb2_1.conda#4e4aebc59ffa4f4624370c87b007ef7a
https://conda.anaconda.org/conda-forge/linux-64/libopenvino-ir-frontend-2024.4.0-h3f63f65_1.conda#247ad01e88ecf5130cd598d4d943c074
https://conda.anaconda.org/conda-forge/linux-64/libopenvino-onnx-frontend-2024.4.0-he882d9a_1.conda#607eb8a8e710bd0f7136b1d16ebfc564
https://conda.anaconda.org/conda-forge/linux-64/libopenvino-paddle-frontend-2024.4.0-he882d9a_1.conda#3d93cd834573654e45f1e2c5370508b9
https://conda.anaconda.org/conda-forge/linux-64/libopenvino-pytorch-frontend-2024.4.0-h5888daf_1.conda#92cb190242077f3c65ab80878cc4cd29
https://conda.anaconda.org/conda-forge/linux-64/libopenvino-tensorflow-frontend-2024.4.0-h9718a47_1.conda#64a184bcd8c0d5a1729cc2bebcda08fa
https://conda.anaconda.org/conda-forge/linux-64/libopenvino-tensorflow-lite-frontend-2024.4.0-h5888daf_1.conda#cd13974f5f3103ec2b0ca0283a62fced
https://conda.anaconda.org/conda-forge/linux-64/occt-7.7.2-novtk_h130ccc2_101.conda#4a7df4c1d4f8e053e232a08a674f5c9f
https://conda.anaconda.org/conda-forge/linux-64/ffmpeg-7.1.0-gpl_h8657690_700.conda#5a8060acb1031646522cfe9ed7bc44ed
https://conda.anaconda.org/conda-forge/linux-64/gdal-3.9.2-py311h5159542_6.conda#59411d2ce9a584e3d49901527dc39af8
https://conda.anaconda.org/conda-forge/linux-64/gmsh-4.12.2-h6b98cf8_0.conda#fe4f54ab589df77b84fecc3b7991fed6
